
Microsoft Visual Studio Solution File, Format Version 12.00
# Visual Studio 15
VisualStudioVersion = 15.0.28307.168
MinimumVisualStudioVersion = 10.0.40219.1
Project("{FAE04EC0-301F-11D3-BF4B-00C04F79EFBC}") = "test", "test\test.csproj", "{F739DB9F-64F4-4ED7-90DF-7CEBD61E9B20}"
EndProject
Global
	GlobalSection(SolutionConfigurationPlatforms) = preSolution
		Debug|Any CPU = Debug|Any CPU
		Release|Any CPU = Release|Any CPU
	EndGlobalSection
	GlobalSection(ProjectConfigurationPlatforms) = postSolution
		{F739DB9F-64F4-4ED7-90DF-7CEBD61E9B20}.Debug|Any CPU.ActiveCfg = Debug|Any CPU
		{F739DB9F-64F4-4ED7-90DF-7CEBD61E9B20}.Debug|Any CPU.Build.0 = Debug|Any CPU
		{F739DB9F-64F4-4ED7-90DF-7CEBD61E9B20}.Release|Any CPU.ActiveCfg = Release|Any CPU
		{F739DB9F-64F4-4ED7-90DF-7CEBD61E9B20}.Release|Any CPU.Build.0 = Release|Any CPU
	EndGlobalSection
	GlobalSection(SolutionProperties) = preSolution
		HideSolutionNode = FALSE
	EndGlobalSection
	GlobalSection(ExtensibilityGlobals) = postSolution
		SolutionGuid = {DC7E7267-A8A3-4413-9AC0-72FBAA84693B}
	EndGlobalSection
EndGlobal
